// !$*UTF8*$!
{
	archiveVersion = 1;
	classes = {
	};
	objectVersion = 51;
	objects = {

/* Begin PBXBuildFile section */
		7609368A23B0195D00C5C529 /* AppDelegate.swift in Sources */ = {isa = PBXBuildFile; fileRef = 7609368923B0195D00C5C529 /* AppDelegate.swift */; };
		7609368C23B0195D00C5C529 /* ViewController.swift in Sources */ = {isa = PBXBuildFile; fileRef = 7609368B23B0195D00C5C529 /* ViewController.swift */; };
		7609368F23B0195D00C5C529 /* Main.storyboard in Resources */ = {isa = PBXBuildFile; fileRef = 7609368D23B0195D00C5C529 /* Main.storyboard */; };
		7609369123B0195F00C5C529 /* Assets.xcassets in Resources */ = {isa = PBXBuildFile; fileRef = 7609369023B0195F00C5C529 /* Assets.xcassets */; };
		7609369423B0195F00C5C529 /* LaunchScreen.storyboard in Resources */ = {isa = PBXBuildFile; fileRef = 7609369223B0195F00C5C529 /* LaunchScreen.storyboard */; };
		761C07EE23B01B32001CD382 /* Category.swift in Sources */ = {isa = PBXBuildFile; fileRef = 761C07E923B01B32001CD382 /* Category.swift */; };
		761C07EF23B01B32001CD382 /* Clues.swift in Sources */ = {isa = PBXBuildFile; fileRef = 761C07EA23B01B32001CD382 /* Clues.swift */; };
		761C07F023B01B32001CD382 /* Clue.swift in Sources */ = {isa = PBXBuildFile; fileRef = 761C07EB23B01B32001CD382 /* Clue.swift */; };
		761C07F123B01B32001CD382 /* Categories.swift in Sources */ = {isa = PBXBuildFile; fileRef = 761C07EC23B01B32001CD382 /* Categories.swift */; };
		761C07F223B01B32001CD382 /* SceneDelegate.swift in Sources */ = {isa = PBXBuildFile; fileRef = 761C07ED23B01B32001CD382 /* SceneDelegate.swift */; };
		761C07F523B01B3D001CD382 /* SplashScreenViewController.swift in Sources */ = {isa = PBXBuildFile; fileRef = 761C07F323B01B3D001CD382 /* SplashScreenViewController.swift */; };
		761C07F623B01B3D001CD382 /* QuestionsViewController.swift in Sources */ = {isa = PBXBuildFile; fileRef = 761C07F423B01B3D001CD382 /* QuestionsViewController.swift */; };
		821DB17AFDC176EF4DC26C5F /* Pods_JeopadryTrainer.framework in Frameworks */ = {isa = PBXBuildFile; fileRef = E0F855456C0B9006ECB78278 /* Pods_JeopadryTrainer.framework */; };
/* End PBXBuildFile section */

/* Begin PBXFileReference section */
		66947B9D7BD4EBAFEE0C1039 /* Pods-JeopadryTrainer.release.xcconfig */ = {isa = PBXFileReference; includeInIndex = 1; lastKnownFileType = text.xcconfig; name = "Pods-JeopadryTrainer.release.xcconfig"; path = "Target Support Files/Pods-JeopadryTrainer/Pods-JeopadryTrainer.release.xcconfig"; sourceTree = "<group>"; };
		7609368623B0195D00C5C529 /* JeopadryTrainer.app */ = {isa = PBXFileReference; explicitFileType = wrapper.application; includeInIndex = 0; path = JeopadryTrainer.app; sourceTree = BUILT_PRODUCTS_DIR; };
		7609368923B0195D00C5C529 /* AppDelegate.swift */ = {isa = PBXFileReference; lastKnownFileType = sourcecode.swift; path = AppDelegate.swift; sourceTree = "<group>"; };
		7609368B23B0195D00C5C529 /* ViewController.swift */ = {isa = PBXFileReference; lastKnownFileType = sourcecode.swift; path = ViewController.swift; sourceTree = "<group>"; };
		7609368E23B0195D00C5C529 /* Base */ = {isa = PBXFileReference; lastKnownFileType = file.storyboard; name = Base; path = Base.lproj/Main.storyboard; sourceTree = "<group>"; };
		7609369023B0195F00C5C529 /* Assets.xcassets */ = {isa = PBXFileReference; lastKnownFileType = folder.assetcatalog; path = Assets.xcassets; sourceTree = "<group>"; };
		7609369323B0195F00C5C529 /* Base */ = {isa = PBXFileReference; lastKnownFileType = file.storyboard; name = Base; path = Base.lproj/LaunchScreen.storyboard; sourceTree = "<group>"; };
		7609369523B0195F00C5C529 /* Info.plist */ = {isa = PBXFileReference; lastKnownFileType = text.plist.xml; path = Info.plist; sourceTree = "<group>"; };
		761C07E923B01B32001CD382 /* Category.swift */ = {isa = PBXFileReference; fileEncoding = 4; lastKnownFileType = sourcecode.swift; name = Category.swift; path = "../../../JeopardyTrainer-master/JeopardyTrainer/Category.swift"; sourceTree = "<group>"; };
		761C07EA23B01B32001CD382 /* Clues.swift */ = {isa = PBXFileReference; fileEncoding = 4; lastKnownFileType = sourcecode.swift; name = Clues.swift; path = "../../../JeopardyTrainer-master/JeopardyTrainer/Clues.swift"; sourceTree = "<group>"; };
		761C07EB23B01B32001CD382 /* Clue.swift */ = {isa = PBXFileReference; fileEncoding = 4; lastKnownFileType = sourcecode.swift; name = Clue.swift; path = "../../../JeopardyTrainer-master/JeopardyTrainer/Clue.swift"; sourceTree = "<group>"; };
		761C07EC23B01B32001CD382 /* Categories.swift */ = {isa = PBXFileReference; fileEncoding = 4; lastKnownFileType = sourcecode.swift; name = Categories.swift; path = "../../../JeopardyTrainer-master/JeopardyTrainer/Categories.swift"; sourceTree = "<group>"; };
		761C07ED23B01B32001CD382 /* SceneDelegate.swift */ = {isa = PBXFileReference; fileEncoding = 4; lastKnownFileType = sourcecode.swift; name = SceneDelegate.swift; path = "../../../JeopardyTrainer-master/JeopardyTrainer/SceneDelegate.swift"; sourceTree = "<group>"; };
		761C07F323B01B3D001CD382 /* SplashScreenViewController.swift */ = {isa = PBXFileReference; fileEncoding = 4; lastKnownFileType = sourcecode.swift; name = SplashScreenViewController.swift; path = "../../../JeopardyTrainer-master/JeopardyTrainer/SplashScreenViewController.swift"; sourceTree = "<group>"; };
		761C07F423B01B3D001CD382 /* QuestionsViewController.swift */ = {isa = PBXFileReference; fileEncoding = 4; lastKnownFileType = sourcecode.swift; name = QuestionsViewController.swift; path = "../../../JeopardyTrainer-master/JeopardyTrainer/QuestionsViewController.swift"; sourceTree = "<group>"; };
		9866BA5F45DCA1E810BA624A /* Pods-JeopadryTrainer.debug.xcconfig */ = {isa = PBXFileReference; includeInIndex = 1; lastKnownFileType = text.xcconfig; name = "Pods-JeopadryTrainer.debug.xcconfig"; path = "Target Support Files/Pods-JeopadryTrainer/Pods-JeopadryTrainer.debug.xcconfig"; sourceTree = "<group>"; };
		E0F855456C0B9006ECB78278 /* Pods_JeopadryTrainer.framework */ = {isa = PBXFileReference; explicitFileType = wrapper.framework; includeInIndex = 0; path = Pods_JeopadryTrainer.framework; sourceTree = BUILT_PRODUCTS_DIR; };
/* End PBXFileReference section */

/* Begin PBXFrameworksBuildPhase section */
		7609368323B0195D00C5C529 /* Frameworks */ = {
			isa = PBXFrameworksBuildPhase;
			buildActionMask = 2147483647;
			files = (
				821DB17AFDC176EF4DC26C5F /* Pods_JeopadryTrainer.framework in Frameworks */,
			);
			runOnlyForDeploymentPostprocessing = 0;
		};
/* End PBXFrameworksBuildPhase section */

/* Begin PBXGroup section */
		7609367D23B0195D00C5C529 = {
			isa = PBXGroup;
			children = (
				7609368823B0195D00C5C529 /* JeopadryTrainer */,
				7609368723B0195D00C5C529 /* Products */,
				E35CC9A699E316BFF564A6C0 /* Pods */,
				E96C8CC6295EACD128495A4B /* Frameworks */,
			);
			sourceTree = "<group>";
		};
		7609368723B0195D00C5C529 /* Products */ = {
			isa = PBXGroup;
			children = (
				7609368623B0195D00C5C529 /* JeopadryTrainer.app */,
			);
			name = Products;
			sourceTree = "<group>";
		};
		7609368823B0195D00C5C529 /* JeopadryTrainer */ = {
			isa = PBXGroup;
			children = (
				7609368923B0195D00C5C529 /* AppDelegate.swift */,
				761C07EC23B01B32001CD382 /* Categories.swift */,
				761C07E923B01B32001CD382 /* Category.swift */,
				761C07EB23B01B32001CD382 /* Clue.swift */,
				761C07EA23B01B32001CD382 /* Clues.swift */,
				761C07ED23B01B32001CD382 /* SceneDelegate.swift */,
				7609368B23B0195D00C5C529 /* ViewController.swift */,
				761C07F423B01B3D001CD382 /* QuestionsViewController.swift */,
				761C07F323B01B3D001CD382 /* SplashScreenViewController.swift */,
				7609368D23B0195D00C5C529 /* Main.storyboard */,
				7609369023B0195F00C5C529 /* Assets.xcassets */,
				7609369223B0195F00C5C529 /* LaunchScreen.storyboard */,
				7609369523B0195F00C5C529 /* Info.plist */,
			);
			path = JeopadryTrainer;
			sourceTree = "<group>";
		};
		E35CC9A699E316BFF564A6C0 /* Pods */ = {
			isa = PBXGroup;
			children = (
				9866BA5F45DCA1E810BA624A /* Pods-JeopadryTrainer.debug.xcconfig */,
				66947B9D7BD4EBAFEE0C1039 /* Pods-JeopadryTrainer.release.xcconfig */,
			);
			path = Pods;
			sourceTree = "<group>";
		};
		E96C8CC6295EACD128495A4B /* Frameworks */ = {
			isa = PBXGroup;
			children = (
				E0F855456C0B9006ECB78278 /* Pods_JeopadryTrainer.framework */,
			);
			name = Frameworks;
			sourceTree = "<group>";
		};
/* End PBXGroup section */

/* Begin PBXNativeTarget section */
		7609368523B0195D00C5C529 /* JeopadryTrainer */ = {
			isa = PBXNativeTarget;
			buildConfigurationList = 7609369823B0195F00C5C529 /* Build configuration list for PBXNativeTarget "JeopadryTrainer" */;
			buildPhases = (
				A2ABC0D611A3A7728243932E /* [CP] Check Pods Manifest.lock */,
				7609368223B0195D00C5C529 /* Sources */,
				7609368323B0195D00C5C529 /* Frameworks */,
				7609368423B0195D00C5C529 /* Resources */,
				0B385591BBA6E40ABAA38A44 /* [CP] Embed Pods Frameworks */,
			);
			buildRules = (
			);
			dependencies = (
			);
			name = JeopadryTrainer;
			productName = JeopadryTrainer;
			productReference = 7609368623B0195D00C5C529 /* JeopadryTrainer.app */;
			productType = "com.apple.product-type.application";
		};
/* End PBXNativeTarget section */

/* Begin PBXProject section */
		7609367E23B0195D00C5C529 /* Project object */ = {
			isa = PBXProject;
			attributes = {
				LastSwiftUpdateCheck = 1010;
				LastUpgradeCheck = 1010;
				ORGANIZATIONNAME = "Amal Agrawal";
				TargetAttributes = {
					7609368523B0195D00C5C529 = {
						CreatedOnToolsVersion = 10.1;
					};
				};
			};
			buildConfigurationList = 7609368123B0195D00C5C529 /* Build configuration list for PBXProject "JeopadryTrainer" */;
			compatibilityVersion = "Xcode 9.3";
			developmentRegion = en;
			hasScannedForEncodings = 0;
			knownRegions = (
				en,
				Base,
			);
			mainGroup = 7609367D23B0195D00C5C529;
			productRefGroup = 7609368723B0195D00C5C529 /* Products */;
			projectDirPath = "";
			projectRoot = "";
			targets = (
				7609368523B0195D00C5C529 /* JeopadryTrainer */,
			);
		};
/* End PBXProject section */

/* Begin PBXResourcesBuildPhase section */
		7609368423B0195D00C5C529 /* Resources */ = {
			isa = PBXResourcesBuildPhase;
			buildActionMask = 2147483647;
			files = (
				7609369423B0195F00C5C529 /* LaunchScreen.storyboard in Resources */,
				7609369123B0195F00C5C529 /* Assets.xcassets in Resources */,
				7609368F23B0195D00C5C529 /* Main.storyboard in Resources */,
			);
			runOnlyForDeploymentPostprocessing = 0;
		};
/* End PBXResourcesBuildPhase section */

/* Begin PBXShellScriptBuildPhase section */
		0B385591BBA6E40ABAA38A44 /* [CP] Embed Pods Frameworks */ = {
			isa = PBXShellScriptBuildPhase;
			buildActionMask = 2147483647;
			files = (
			);
			inputFileListPaths = (
				"${PODS_ROOT}/Target Support Files/Pods-JeopadryTrainer/Pods-JeopadryTrainer-frameworks-${CONFIGURATION}-input-files.xcfilelist",
			);
			name = "[CP] Embed Pods Frameworks";
			outputFileListPaths = (
				"${PODS_ROOT}/Target Support Files/Pods-JeopadryTrainer/Pods-JeopadryTrainer-frameworks-${CONFIGURATION}-output-files.xcfilelist",
			);
			runOnlyForDeploymentPostprocessing = 0;
			shellPath = /bin/sh;
			shellScript = "\"${PODS_ROOT}/Target Support Files/Pods-JeopadryTrainer/Pods-JeopadryTrainer-frameworks.sh\"\n";
			showEnvVarsInLog = 0;
		};
		A2ABC0D611A3A7728243932E /* [CP] Check Pods Manifest.lock */ = {
			isa = PBXShellScriptBuildPhase;
			buildActionMask = 2147483647;
			files = (
			);
			inputFileListPaths = (
			);
			inputPaths = (
				"${PODS_PODFILE_DIR_PATH}/Podfile.lock",
				"${PODS_ROOT}/Manifest.lock",
			);
			name = "[CP] Check Pods Manifest.lock";
			outputFileListPaths = (
			);
			outputPaths = (
				"$(DERIVED_FILE_DIR)/Pods-JeopadryTrainer-checkManifestLockResult.txt",
			);
			runOnlyForDeploymentPostprocessing = 0;
			shellPath = /bin/sh;
			shellScript = "diff \"${PODS_PODFILE_DIR_PATH}/Podfile.lock\" \"${PODS_ROOT}/Manifest.lock\" > /dev/null\nif [ $? != 0 ] ; then\n    # print error to STDERR\n    echo \"error: The sandbox is not in sync with the Podfile.lock. Run 'pod install' or update your CocoaPods installation.\" >&2\n    exit 1\nfi\n# This output is used by Xcode 'outputs' to avoid re-running this script phase.\necho \"SUCCESS\" > \"${SCRIPT_OUTPUT_FILE_0}\"\n";
			showEnvVarsInLog = 0;
		};
/* End PBXShellScriptBuildPhase section */

/* Begin PBXSourcesBuildPhase section */
		7609368223B0195D00C5C529 /* Sources */ = {
			isa = PBXSourcesBuildPhase;
			buildActionMask = 2147483647;
			files = (
				7609368C23B0195D00C5C529 /* ViewController.swift in Sources */,
				761C07F223B01B32001CD382 /* SceneDelegate.swift in Sources */,
				761C07F523B01B3D001CD382 /* SplashScreenViewController.swift in Sources */,
				7609368A23B0195D00C5C529 /* AppDelegate.swift in Sources */,
				761C07F023B01B32001CD382 /* Clue.swift in Sources */,
				761C07F623B01B3D001CD382 /* QuestionsViewController.swift in Sources */,
				761C07EF23B01B32001CD382 /* Clues.swift in Sources */,
				761C07EE23B01B32001CD382 /* Category.swift in Sources */,
				761C07F123B01B32001CD382 /* Categories.swift in Sources */,
			);
			runOnlyForDeploymentPostprocessing = 0;
		};
/* End PBXSourcesBuildPhase section */

/* Begin PBXVariantGroup section */
		7609368D23B0195D00C5C529 /* Main.storyboard */ = {
			isa = PBXVariantGroup;
			children = (
				7609368E23B0195D00C5C529 /* Base */,
			);
			name = Main.storyboard;
			sourceTree = "<group>";
		};
		7609369223B0195F00C5C529 /* LaunchScreen.storyboard */ = {
			isa = PBXVariantGroup;
			children = (
				7609369323B0195F00C5C529 /* Base */,
			);
			name = LaunchScreen.storyboard;
			sourceTree = "<group>";
		};
/* End PBXVariantGroup section */

/* Begin XCBuildConfiguration section */
		7609369623B0195F00C5C529 /* Debug */ = {
			isa = XCBuildConfiguration;
			buildSettings = {
				ALWAYS_SEARCH_USER_PATHS = NO;
				CLANG_ANALYZER_NONNULL = YES;
				CLANG_ANALYZER_NUMBER_OBJECT_CONVERSION = YES_AGGRESSIVE;
				CLANG_CXX_LANGUAGE_STANDARD = "gnu++14";
				CLANG_CXX_LIBRARY = "libc++";
				CLANG_ENABLE_MODULES = YES;
				CLANG_ENABLE_OBJC_ARC = YES;
				CLANG_ENABLE_OBJC_WEAK = YES;
				CLANG_WARN_BLOCK_CAPTURE_AUTORELEASING = YES;
				CLANG_WARN_BOOL_CONVERSION = YES;
				CLANG_WARN_COMMA = YES;
				CLANG_WARN_CONSTANT_CONVERSION = YES;
				CLANG_WARN_DEPRECATED_OBJC_IMPLEMENTATIONS = YES;
				CLANG_WARN_DIRECT_OBJC_ISA_USAGE = YES_ERROR;
				CLANG_WARN_DOCUMENTATION_COMMENTS = YES;
				CLANG_WARN_EMPTY_BODY = YES;
				CLANG_WARN_ENUM_CONVERSION = YES;
				CLANG_WARN_INFINITE_RECURSION = YES;
				CLANG_WARN_INT_CONVERSION = YES;
				CLANG_WARN_NON_LITERAL_NULL_CONVERSION = YES;
				CLANG_WARN_OBJC_IMPLICIT_RETAIN_SELF = YES;
				CLANG_WARN_OBJC_LITERAL_CONVERSION = YES;
				CLANG_WARN_OBJC_ROOT_CLASS = YES_ERROR;
				CLANG_WARN_RANGE_LOOP_ANALYSIS = YES;
				CLANG_WARN_STRICT_PROTOTYPES = YES;
				CLANG_WARN_SUSPICIOUS_MOVE = YES;
				CLANG_WARN_UNGUARDED_AVAILABILITY = YES_AGGRESSIVE;
				CLANG_WARN_UNREACHABLE_CODE = YES;
				CLANG_WARN__DUPLICATE_METHOD_MATCH = YES;
				CODE_SIGN_IDENTITY = "iPhone Developer";
				COPY_PHASE_STRIP = NO;
				DEBUG_INFORMATION_FORMAT = dwarf;
				ENABLE_STRICT_OBJC_MSGSEND = YES;
				ENABLE_TESTABILITY = YES;
				GCC_C_LANGUAGE_STANDARD = gnu11;
				GCC_DYNAMIC_NO_PIC = NO;
				GCC_NO_COMMON_BLOCKS = YES;
				GCC_OPTIMIZATION_LEVEL = 0;
				GCC_PREPROCESSOR_DEFINITIONS = (
					"DEBUG=1",
					"$(inherited)",
				);
				GCC_WARN_64_TO_32_BIT_CONVERSION = YES;
				GCC_WARN_ABOUT_RETURN_TYPE = YES_ERROR;
				GCC_WARN_UNDECLARED_SELECTOR = YES;
				GCC_WARN_UNINITIALIZED_AUTOS = YES_AGGRESSIVE;
				GCC_WARN_UNUSED_FUNCTION = YES;
				GCC_WARN_UNUSED_VARIABLE = YES;
				IPHONEOS_DEPLOYMENT_TARGET = 12.1;
				MTL_ENABLE_DEBUG_INFO = INCLUDE_SOURCE;
				MTL_FAST_MATH = YES;
				ONLY_ACTIVE_ARCH = YES;
				SDKROOT = iphoneos;
				SWIFT_ACTIVE_COMPILATION_CONDITIONS = DEBUG;
				SWIFT_OPTIMIZATION_LEVEL = "-Onone";
			};
			name = Debug;
		};
		7609369723B0195F00C5C529 /* Release */ = {
			isa = XCBuildConfiguration;
			buildSettings = {
				ALWAYS_SEARCH_USER_PATHS = NO;
				CLANG_ANALYZER_NONNULL = YES;
				CLANG_ANALYZER_NUMBER_OBJECT_CONVERSION = YES_AGGRESSIVE;
				CLANG_CXX_LANGUAGE_STANDARD = "gnu++14";
				CLANG_CXX_LIBRARY = "libc++";
				CLANG_ENABLE_MODULES = YES;
				CLANG_ENABLE_OBJC_ARC = YES;
				CLANG_ENABLE_OBJC_WEAK = YES;
				CLANG_WARN_BLOCK_CAPTURE_AUTORELEASING = YES;
				CLANG_WARN_BOOL_CONVERSION = YES;
				CLANG_WARN_COMMA = YES;
				CLANG_WARN_CONSTANT_CONVERSION = YES;
				CLANG_WARN_DEPRECATED_OBJC_IMPLEMENTATIONS = YES;
				CLANG_WARN_DIRECT_OBJC_ISA_USAGE = YES_ERROR;
				CLANG_WARN_DOCUMENTATION_COMMENTS = YES;
				CLANG_WARN_EMPTY_BODY = YES;
				CLANG_WARN_ENUM_CONVERSION = YES;
				CLANG_WARN_INFINITE_RECURSION = YES;
				CLANG_WARN_INT_CONVERSION = YES;
				CLANG_WARN_NON_LITERAL_NULL_CONVERSION = YES;
				CLANG_WARN_OBJC_IMPLICIT_RETAIN_SELF = YES;
				CLANG_WARN_OBJC_LITERAL_CONVERSION = YES;
				CLANG_WARN_OBJC_ROOT_CLASS = YES_ERROR;
				CLANG_WARN_RANGE_LOOP_ANALYSIS = YES;
				CLANG_WARN_STRICT_PROTOTYPES = YES;
				CLANG_WARN_SUSPICIOUS_MOVE = YES;
				CLANG_WARN_UNGUARDED_AVAILABILITY = YES_AGGRESSIVE;
				CLANG_WARN_UNREACHABLE_CODE = YES;
				CLANG_WARN__DUPLICATE_METHOD_MATCH = YES;
				CODE_SIGN_IDENTITY = "iPhone Developer";
				COPY_PHASE_STRIP = NO;
				DEBUG_INFORMATION_FORMAT = "dwarf-with-dsym";
				ENABLE_NS_ASSERTIONS = NO;
				ENABLE_STRICT_OBJC_MSGSEND = YES;
				GCC_C_LANGUAGE_STANDARD = gnu11;
				GCC_NO_COMMON_BLOCKS = YES;
				GCC_WARN_64_TO_32_BIT_CONVERSION = YES;
				GCC_WARN_ABOUT_RETURN_TYPE = YES_ERROR;
				GCC_WARN_UNDECLARED_SELECTOR = YES;
				GCC_WARN_UNINITIALIZED_AUTOS = YES_AGGRESSIVE;
				GCC_WARN_UNUSED_FUNCTION = YES;
				GCC_WARN_UNUSED_VARIABLE = YES;
				IPHONEOS_DEPLOYMENT_TARGET = 12.1;
				MTL_ENABLE_DEBUG_INFO = NO;
				MTL_FAST_MATH = YES;
				SDKROOT = iphoneos;
				SWIFT_COMPILATION_MODE = wholemodule;
				SWIFT_OPTIMIZATION_LEVEL = "-O";
				VALIDATE_PRODUCT = YES;
			};
			name = Release;
		};
		7609369923B0195F00C5C529 /* Debug */ = {
			isa = XCBuildConfiguration;
			baseConfigurationReference = 9866BA5F45DCA1E810BA624A /* Pods-JeopadryTrainer.debug.xcconfig */;
			buildSettings = {
				ASSETCATALOG_COMPILER_APPICON_NAME = AppIcon;
				CODE_SIGN_STYLE = Automatic;
				DEVELOPMENT_TEAM = YGY3BJ7P6K;
				INFOPLIST_FILE = JeopadryTrainer/Info.plist;
				LD_RUNPATH_SEARCH_PATHS = (
					"$(inherited)",
					"@executable_path/Frameworks",
				);
				PRODUCT_BUNDLE_IDENTIFIER = bc.JeopadryTrainer;
				PRODUCT_NAME = "$(TARGET_NAME)";
				SWIFT_VERSION = 4.2;
				TARGETED_DEVICE_FAMILY = "1,2";
			};
			name = Debug;
		};
		7609369A23B0195F00C5C529 /* Release */ = {
			isa = XCBuildConfiguration;
			baseConfigurationReference = 66947B9D7BD4EBAFEE0C1039 /* Pods-JeopadryTrainer.release.xcconfig */;
			buildSettings = {
				ASSETCATALOG_COMPILER_APPICON_NAME = AppIcon;
				CODE_SIGN_STYLE = Automatic;
				DEVELOPMENT_TEAM = YGY3BJ7P6K;
				INFOPLIST_FILE = JeopadryTrainer/Info.plist;
				LD_RUNPATH_SEARCH_PATHS = (
					"$(inherited)",
					"@executable_path/Frameworks",
				);
				PRODUCT_BUNDLE_IDENTIFIER = bc.JeopadryTrainer;
				PRODUCT_NAME = "$(TARGET_NAME)";
				SWIFT_VERSION = 4.2;
				TARGETED_DEVICE_FAMILY = "1,2";
			};
			name = Release;
		};
/* End XCBuildConfiguration section */

/* Begin XCConfigurationList section */
		7609368123B0195D00C5C529 /* Build configuration list for PBXProject "JeopadryTrainer" */ = {
			isa = XCConfigurationList;
			buildConfigurations = (
				7609369623B0195F00C5C529 /* Debug */,
				7609369723B0195F00C5C529 /* Release */,
			);
			defaultConfigurationIsVisible = 0;
			defaultConfigurationName = Release;
		};
		7609369823B0195F00C5C529 /* Build configuration list for PBXNativeTarget "JeopadryTrainer" */ = {
			isa = XCConfigurationList;
			buildConfigurations = (
				7609369923B0195F00C5C529 /* Debug */,
				7609369A23B0195F00C5C529 /* Release */,
			);
			defaultConfigurationIsVisible = 0;
			defaultConfigurationName = Release;
		};
/* End XCConfigurationList section */
	};
	rootObject = 7609367E23B0195D00C5C529 /* Project object */;
}
